
Microsoft Visual Studio Solution File, Format Version 12.00
# Visual Studio Version 17
VisualStudioVersion = 17.9.34607.119
MinimumVisualStudioVersion = 10.0.40219.1
Project("{2150E333-8FDC-42A3-9474-1A3956D46DE8}") = "BLL", "BLL", "{31B7287F-6913-4B8F-A282-6C6F90042488}"
EndProject
Project("{2150E333-8FDC-42A3-9474-1A3956D46DE8}") = "DAL", "DAL", "{5A4D68A0-965A-413B-844B-08096259990B}"
EndProject
Project("{2150E333-8FDC-42A3-9474-1A3956D46DE8}") = "UI", "UI", "{1E4D73BD-AF84-4255-8EA8-00A74DAD3789}"
EndProject
Project("{FAE04EC0-301F-11D3-BF4B-00C04F79EFBC}") = "PurpleIK.Repositories", "PurpleIK.Repositories\PurpleIK.Repositories.csproj", "{A81DA953-1E6E-441C-9ECB-C68C947D4C40}"
EndProject
Project("{FAE04EC0-301F-11D3-BF4B-00C04F79EFBC}") = "PurpleIK.Services", "PurpleIK.Services\PurpleIK.Services.csproj", "{9731DDE3-DC35-4F42-BF45-53F40335EA92}"
EndProject
Project("{FAE04EC0-301F-11D3-BF4B-00C04F79EFBC}") = "PurpleIK.Context", "PurpleIK.Context\PurpleIK.Context.csproj", "{5FF20FD7-6A57-4F79-92B4-05389216623A}"
EndProject
Project("{FAE04EC0-301F-11D3-BF4B-00C04F79EFBC}") = "PurpleIK.Core", "PurpleIK.Core\PurpleIK.Core.csproj", "{2A1646A0-EAD3-4DFB-BFDC-105A1FDD7C4B}"
EndProject
Project("{FAE04EC0-301F-11D3-BF4B-00C04F79EFBC}") = "PurpleIK.Entities", "PurpleIK.Entities\PurpleIK.Entities.csproj", "{540351A7-2994-4ABE-BA38-C6273AE090EB}"
EndProject
Project("{FAE04EC0-301F-11D3-BF4B-00C04F79EFBC}") = "PurpleIK.Mapping", "PurpleIK.Mapping\PurpleIK.Mapping.csproj", "{505DF3FA-E5EB-4A1B-891A-39E6B9E11B9B}"
EndProject
Project("{FAE04EC0-301F-11D3-BF4B-00C04F79EFBC}") = "PurpleIK.UI", "PurpleIK.UI\PurpleIK.UI.csproj", "{E11A557E-54E7-4A64-B15A-867549C24D65}"
EndProject
Global
	GlobalSection(SolutionConfigurationPlatforms) = preSolution
		Debug|Any CPU = Debug|Any CPU
		Release|Any CPU = Release|Any CPU
	EndGlobalSection
	GlobalSection(ProjectConfigurationPlatforms) = postSolution
		{A81DA953-1E6E-441C-9ECB-C68C947D4C40}.Debug|Any CPU.ActiveCfg = Debug|Any CPU
		{A81DA953-1E6E-441C-9ECB-C68C947D4C40}.Debug|Any CPU.Build.0 = Debug|Any CPU
		{A81DA953-1E6E-441C-9ECB-C68C947D4C40}.Release|Any CPU.ActiveCfg = Release|Any CPU
		{A81DA953-1E6E-441C-9ECB-C68C947D4C40}.Release|Any CPU.Build.0 = Release|Any CPU
		{9731DDE3-DC35-4F42-BF45-53F40335EA92}.Debug|Any CPU.ActiveCfg = Debug|Any CPU
		{9731DDE3-DC35-4F42-BF45-53F40335EA92}.Debug|Any CPU.Build.0 = Debug|Any CPU
		{9731DDE3-DC35-4F42-BF45-53F40335EA92}.Release|Any CPU.ActiveCfg = Release|Any CPU
		{9731DDE3-DC35-4F42-BF45-53F40335EA92}.Release|Any CPU.Build.0 = Release|Any CPU
		{5FF20FD7-6A57-4F79-92B4-05389216623A}.Debug|Any CPU.ActiveCfg = Debug|Any CPU
		{5FF20FD7-6A57-4F79-92B4-05389216623A}.Debug|Any CPU.Build.0 = Debug|Any CPU
		{5FF20FD7-6A57-4F79-92B4-05389216623A}.Release|Any CPU.ActiveCfg = Release|Any CPU
		{5FF20FD7-6A57-4F79-92B4-05389216623A}.Release|Any CPU.Build.0 = Release|Any CPU
		{2A1646A0-EAD3-4DFB-BFDC-105A1FDD7C4B}.Debug|Any CPU.ActiveCfg = Debug|Any CPU
		{2A1646A0-EAD3-4DFB-BFDC-105A1FDD7C4B}.Debug|Any CPU.Build.0 = Debug|Any CPU
		{2A1646A0-EAD3-4DFB-BFDC-105A1FDD7C4B}.Release|Any CPU.ActiveCfg = Release|Any CPU
		{2A1646A0-EAD3-4DFB-BFDC-105A1FDD7C4B}.Release|Any CPU.Build.0 = Release|Any CPU
		{540351A7-2994-4ABE-BA38-C6273AE090EB}.Debug|Any CPU.ActiveCfg = Debug|Any CPU
		{540351A7-2994-4ABE-BA38-C6273AE090EB}.Debug|Any CPU.Build.0 = Debug|Any CPU
		{540351A7-2994-4ABE-BA38-C6273AE090EB}.Release|Any CPU.ActiveCfg = Release|Any CPU
		{540351A7-2994-4ABE-BA38-C6273AE090EB}.Release|Any CPU.Build.0 = Release|Any CPU
		{505DF3FA-E5EB-4A1B-891A-39E6B9E11B9B}.Debug|Any CPU.ActiveCfg = Debug|Any CPU
		{505DF3FA-E5EB-4A1B-891A-39E6B9E11B9B}.Debug|Any CPU.Build.0 = Debug|Any CPU
		{505DF3FA-E5EB-4A1B-891A-39E6B9E11B9B}.Release|Any CPU.ActiveCfg = Release|Any CPU
		{505DF3FA-E5EB-4A1B-891A-39E6B9E11B9B}.Release|Any CPU.Build.0 = Release|Any CPU
		{E11A557E-54E7-4A64-B15A-867549C24D65}.Debug|Any CPU.ActiveCfg = Debug|Any CPU
		{E11A557E-54E7-4A64-B15A-867549C24D65}.Debug|Any CPU.Build.0 = Debug|Any CPU
		{E11A557E-54E7-4A64-B15A-867549C24D65}.Release|Any CPU.ActiveCfg = Release|Any CPU
		{E11A557E-54E7-4A64-B15A-867549C24D65}.Release|Any CPU.Build.0 = Release|Any CPU
	EndGlobalSection
	GlobalSection(SolutionProperties) = preSolution
		HideSolutionNode = FALSE
	EndGlobalSection
	GlobalSection(NestedProjects) = preSolution
		{A81DA953-1E6E-441C-9ECB-C68C947D4C40} = {31B7287F-6913-4B8F-A282-6C6F90042488}
		{9731DDE3-DC35-4F42-BF45-53F40335EA92} = {31B7287F-6913-4B8F-A282-6C6F90042488}
		{5FF20FD7-6A57-4F79-92B4-05389216623A} = {5A4D68A0-965A-413B-844B-08096259990B}
		{2A1646A0-EAD3-4DFB-BFDC-105A1FDD7C4B} = {5A4D68A0-965A-413B-844B-08096259990B}
		{540351A7-2994-4ABE-BA38-C6273AE090EB} = {5A4D68A0-965A-413B-844B-08096259990B}
		{505DF3FA-E5EB-4A1B-891A-39E6B9E11B9B} = {5A4D68A0-965A-413B-844B-08096259990B}
		{E11A557E-54E7-4A64-B15A-867549C24D65} = {1E4D73BD-AF84-4255-8EA8-00A74DAD3789}
	EndGlobalSection
	GlobalSection(ExtensibilityGlobals) = postSolution
		SolutionGuid = {15C1E256-D9AE-43BA-B373-9A70694CC068}
	EndGlobalSection
EndGlobal
